// !$*UTF8*$!
{
	archiveVersion = 1;
	classes = {
	};
	objectVersion = 46;
	objects = {

/* Begin PBXBuildFile section */
		12BADEB71BFD71E500C36C05 /* main.m in Sources */ = {isa = PBXBuildFile; fileRef = 12BADEB61BFD71E500C36C05 /* main.m */; };
		12BADEC21BFD71E500C36C05 /* Images.xcassets in Resources */ = {isa = PBXBuildFile; fileRef = 12BADEC11BFD71E500C36C05 /* Images.xcassets */; };
		12BADEC51BFD71E500C36C05 /* LaunchScreen.xib in Resources */ = {isa = PBXBuildFile; fileRef = 12BADEC31BFD71E500C36C05 /* LaunchScreen.xib */; };
		12BADED11BFD71E500C36C05 /* WebViewPJTests.m in Sources */ = {isa = PBXBuildFile; fileRef = 12BADED01BFD71E500C36C05 /* WebViewPJTests.m */; };
		12BADEDB1BFD720600C36C05 /* Main.storyboard in Resources */ = {isa = PBXBuildFile; fileRef = 12BADEDA1BFD720600C36C05 /* Main.storyboard */; };
		12BADEDE1BFD723400C36C05 /* MainWebView.m in Sources */ = {isa = PBXBuildFile; fileRef = 12BADEDD1BFD723400C36C05 /* MainWebView.m */; };
		12BADEE11BFD724B00C36C05 /* AppDelegate.m in Sources */ = {isa = PBXBuildFile; fileRef = 12BADEE01BFD724B00C36C05 /* AppDelegate.m */; };
		12BADEF01BFD737A00C36C05 /* LICENSE in Resources */ = {isa = PBXBuildFile; fileRef = 12BADEEA1BFD737A00C36C05 /* LICENSE */; };
		12BADEF11BFD737A00C36C05 /* MBProgressHUD+AT.m in Sources */ = {isa = PBXBuildFile; fileRef = 12BADEEC1BFD737A00C36C05 /* MBProgressHUD+AT.m */; };
		12BADEF21BFD737A00C36C05 /* MBProgressHUD.bundle in Resources */ = {isa = PBXBuildFile; fileRef = 12BADEED1BFD737A00C36C05 /* MBProgressHUD.bundle */; };
		12BADEF31BFD737A00C36C05 /* MBProgressHUD.m in Sources */ = {isa = PBXBuildFile; fileRef = 12BADEEF1BFD737A00C36C05 /* MBProgressHUD.m */; };
		12BADEFA1BFD740B00C36C05 /* UIBarButtonItem+AT.m in Sources */ = {isa = PBXBuildFile; fileRef = 12BADEF71BFD740B00C36C05 /* UIBarButtonItem+AT.m */; };
		12BADEFB1BFD740B00C36C05 /* UIImage+AT.m in Sources */ = {isa = PBXBuildFile; fileRef = 12BADEF91BFD740B00C36C05 /* UIImage+AT.m */; };
		12BADF021BFD741700C36C05 /* ATNavigationController.m in Sources */ = {isa = PBXBuildFile; fileRef = 12BADEFD1BFD741700C36C05 /* ATNavigationController.m */; };
		12BADF031BFD741700C36C05 /* ATBaseController.m in Sources */ = {isa = PBXBuildFile; fileRef = 12BADEFF1BFD741700C36C05 /* ATBaseController.m */; };
		12BADF041BFD741700C36C05 /* ATBaseWebViewVC.m in Sources */ = {isa = PBXBuildFile; fileRef = 12BADF011BFD741700C36C05 /* ATBaseWebViewVC.m */; };
		12BADF071BFD939C00C36C05 /* ATTabBarController.m in Sources */ = {isa = PBXBuildFile; fileRef = 12BADF061BFD939C00C36C05 /* ATTabBarController.m */; };
/* End PBXBuildFile section */

/* Begin PBXContainerItemProxy section */
		12BADECB1BFD71E500C36C05 /* PBXContainerItemProxy */ = {
			isa = PBXContainerItemProxy;
			containerPortal = 12BADEA91BFD71E500C36C05 /* Project object */;
			proxyType = 1;
			remoteGlobalIDString = 12BADEB01BFD71E500C36C05;
			remoteInfo = WebViewPJ;
		};
/* End PBXContainerItemProxy section */

/* Begin PBXFileReference section */
		12BADEB11BFD71E500C36C05 /* WebViewPJ.app */ = {isa = PBXFileReference; explicitFileType = wrapper.application; includeInIndex = 0; path = WebViewPJ.app; sourceTree = BUILT_PRODUCTS_DIR; };
		12BADEB51BFD71E500C36C05 /* Info.plist */ = {isa = PBXFileReference; lastKnownFileType = text.plist.xml; path = Info.plist; sourceTree = "<group>"; };
		12BADEB61BFD71E500C36C05 /* main.m */ = {isa = PBXFileReference; lastKnownFileType = sourcecode.c.objc; path = main.m; sourceTree = "<group>"; };
		12BADEC11BFD71E500C36C05 /* Images.xcassets */ = {isa = PBXFileReference; lastKnownFileType = folder.assetcatalog; path = Images.xcassets; sourceTree = "<group>"; };
		12BADEC41BFD71E500C36C05 /* Base */ = {isa = PBXFileReference; lastKnownFileType = file.xib; name = Base; path = Base.lproj/LaunchScreen.xib; sourceTree = "<group>"; };
		12BADECA1BFD71E500C36C05 /* WebViewPJTests.xctest */ = {isa = PBXFileReference; explicitFileType = wrapper.cfbundle; includeInIndex = 0; path = WebViewPJTests.xctest; sourceTree = BUILT_PRODUCTS_DIR; };
		12BADECF1BFD71E500C36C05 /* Info.plist */ = {isa = PBXFileReference; lastKnownFileType = text.plist.xml; path = Info.plist; sourceTree = "<group>"; };
		12BADED01BFD71E500C36C05 /* WebViewPJTests.m */ = {isa = PBXFileReference; lastKnownFileType = sourcecode.c.objc; path = WebViewPJTests.m; sourceTree = "<group>"; };
		12BADEDA1BFD720600C36C05 /* Main.storyboard */ = {isa = PBXFileReference; fileEncoding = 4; lastKnownFileType = file.storyboard; path = Main.storyboard; sourceTree = "<group>"; };
		12BADEDC1BFD723400C36C05 /* MainWebView.h */ = {isa = PBXFileReference; fileEncoding = 4; lastKnownFileType = sourcecode.c.h; path = MainWebView.h; sourceTree = "<group>"; };
		12BADEDD1BFD723400C36C05 /* MainWebView.m */ = {isa = PBXFileReference; fileEncoding = 4; lastKnownFileType = sourcecode.c.objc; path = MainWebView.m; sourceTree = "<group>"; };
		12BADEDF1BFD724B00C36C05 /* AppDelegate.h */ = {isa = PBXFileReference; fileEncoding = 4; lastKnownFileType = sourcecode.c.h; path = AppDelegate.h; sourceTree = "<group>"; };
		12BADEE01BFD724B00C36C05 /* AppDelegate.m */ = {isa = PBXFileReference; fileEncoding = 4; lastKnownFileType = sourcecode.c.objc; path = AppDelegate.m; sourceTree = "<group>"; };
		12BADEEA1BFD737A00C36C05 /* LICENSE */ = {isa = PBXFileReference; fileEncoding = 4; lastKnownFileType = text; path = LICENSE; sourceTree = "<group>"; };
		12BADEEB1BFD737A00C36C05 /* MBProgressHUD+AT.h */ = {isa = PBXFileReference; fileEncoding = 4; lastKnownFileType = sourcecode.c.h; path = "MBProgressHUD+AT.h"; sourceTree = "<group>"; };
		12BADEEC1BFD737A00C36C05 /* MBProgressHUD+AT.m */ = {isa = PBXFileReference; fileEncoding = 4; lastKnownFileType = sourcecode.c.objc; path = "MBProgressHUD+AT.m"; sourceTree = "<group>"; };
		12BADEED1BFD737A00C36C05 /* MBProgressHUD.bundle */ = {isa = PBXFileReference; lastKnownFileType = "wrapper.plug-in"; path = MBProgressHUD.bundle; sourceTree = "<group>"; };
		12BADEEE1BFD737A00C36C05 /* MBProgressHUD.h */ = {isa = PBXFileReference; fileEncoding = 4; lastKnownFileType = sourcecode.c.h; path = MBProgressHUD.h; sourceTree = "<group>"; };
		12BADEEF1BFD737A00C36C05 /* MBProgressHUD.m */ = {isa = PBXFileReference; fileEncoding = 4; lastKnownFileType = sourcecode.c.objc; path = MBProgressHUD.m; sourceTree = "<group>"; };
		12BADEF41BFD73FD00C36C05 /* ConfigTools.h */ = {isa = PBXFileReference; lastKnownFileType = sourcecode.c.h; path = ConfigTools.h; sourceTree = "<group>"; };
		12BADEF51BFD73FD00C36C05 /* PrefixHeader.pch */ = {isa = PBXFileReference; lastKnownFileType = sourcecode.c.h; path = PrefixHeader.pch; sourceTree = "<group>"; };
		12BADEF61BFD740B00C36C05 /* UIBarButtonItem+AT.h */ = {isa = PBXFileReference; fileEncoding = 4; lastKnownFileType = sourcecode.c.h; path = "UIBarButtonItem+AT.h"; sourceTree = "<group>"; };
		12BADEF71BFD740B00C36C05 /* UIBarButtonItem+AT.m */ = {isa = PBXFileReference; fileEncoding = 4; lastKnownFileType = sourcecode.c.objc; path = "UIBarButtonItem+AT.m"; sourceTree = "<group>"; };
		12BADEF81BFD740B00C36C05 /* UIImage+AT.h */ = {isa = PBXFileReference; fileEncoding = 4; lastKnownFileType = sourcecode.c.h; path = "UIImage+AT.h"; sourceTree = "<group>"; };
		12BADEF91BFD740B00C36C05 /* UIImage+AT.m */ = {isa = PBXFileReference; fileEncoding = 4; lastKnownFileType = sourcecode.c.objc; path = "UIImage+AT.m"; sourceTree = "<group>"; };
		12BADEFC1BFD741700C36C05 /* ATNavigationController.h */ = {isa = PBXFileReference; fileEncoding = 4; lastKnownFileType = sourcecode.c.h; path = ATNavigationController.h; sourceTree = "<group>"; };
		12BADEFD1BFD741700C36C05 /* ATNavigationController.m */ = {isa = PBXFileReference; fileEncoding = 4; lastKnownFileType = sourcecode.c.objc; path = ATNavigationController.m; sourceTree = "<group>"; };
		12BADEFE1BFD741700C36C05 /* ATBaseController.h */ = {isa = PBXFileReference; fileEncoding = 4; lastKnownFileType = sourcecode.c.h; path = ATBaseController.h; sourceTree = "<group>"; };
		12BADEFF1BFD741700C36C05 /* ATBaseController.m */ = {isa = PBXFileReference; fileEncoding = 4; lastKnownFileType = sourcecode.c.objc; path = ATBaseController.m; sourceTree = "<group>"; };
		12BADF001BFD741700C36C05 /* ATBaseWebViewVC.h */ = {isa = PBXFileReference; fileEncoding = 4; lastKnownFileType = sourcecode.c.h; path = ATBaseWebViewVC.h; sourceTree = "<group>"; };
		12BADF011BFD741700C36C05 /* ATBaseWebViewVC.m */ = {isa = PBXFileReference; fileEncoding = 4; lastKnownFileType = sourcecode.c.objc; path = ATBaseWebViewVC.m; sourceTree = "<group>"; };
		12BADF051BFD939C00C36C05 /* ATTabBarController.h */ = {isa = PBXFileReference; fileEncoding = 4; lastKnownFileType = sourcecode.c.h; path = ATTabBarController.h; sourceTree = "<group>"; };
		12BADF061BFD939C00C36C05 /* ATTabBarController.m */ = {isa = PBXFileReference; fileEncoding = 4; lastKnownFileType = sourcecode.c.objc; path = ATTabBarController.m; sourceTree = "<group>"; };
/* End PBXFileReference section */

/* Begin PBXFrameworksBuildPhase section */
		12BADEAE1BFD71E500C36C05 /* Frameworks */ = {
			isa = PBXFrameworksBuildPhase;
			buildActionMask = 2147483647;
			files = (
			);
			runOnlyForDeploymentPostprocessing = 0;
		};
		12BADEC71BFD71E500C36C05 /* Frameworks */ = {
			isa = PBXFrameworksBuildPhase;
			buildActionMask = 2147483647;
			files = (
			);
			runOnlyForDeploymentPostprocessing = 0;
		};
/* End PBXFrameworksBuildPhase section */

/* Begin PBXGroup section */
		12BADEA81BFD71E500C36C05 = {
			isa = PBXGroup;
			children = (
				12BADEB31BFD71E500C36C05 /* WebViewPJ */,
				12BADECD1BFD71E500C36C05 /* WebViewPJTests */,
				12BADEB21BFD71E500C36C05 /* Products */,
			);
			sourceTree = "<group>";
		};
		12BADEB21BFD71E500C36C05 /* Products */ = {
			isa = PBXGroup;
			children = (
				12BADEB11BFD71E500C36C05 /* WebViewPJ.app */,
				12BADECA1BFD71E500C36C05 /* WebViewPJTests.xctest */,
			);
			name = Products;
			sourceTree = "<group>";
		};
		12BADEB31BFD71E500C36C05 /* WebViewPJ */ = {
			isa = PBXGroup;
			children = (
				12BADEE51BFD72CC00C36C05 /* Classes */,
				12BADEDF1BFD724B00C36C05 /* AppDelegate.h */,
				12BADEE01BFD724B00C36C05 /* AppDelegate.m */,
				12BADEDC1BFD723400C36C05 /* MainWebView.h */,
				12BADEDD1BFD723400C36C05 /* MainWebView.m */,
				12BADEDA1BFD720600C36C05 /* Main.storyboard */,
				12BADEC11BFD71E500C36C05 /* Images.xcassets */,
				12BADEC31BFD71E500C36C05 /* LaunchScreen.xib */,
				12BADEB41BFD71E500C36C05 /* Supporting Files */,
			);
			path = WebViewPJ;
			sourceTree = "<group>";
		};
		12BADEB41BFD71E500C36C05 /* Supporting Files */ = {
			isa = PBXGroup;
			children = (
				12BADEB51BFD71E500C36C05 /* Info.plist */,
				12BADEB61BFD71E500C36C05 /* main.m */,
			);
			name = "Supporting Files";
			sourceTree = "<group>";
		};
		12BADECD1BFD71E500C36C05 /* WebViewPJTests */ = {
			isa = PBXGroup;
			children = (
				12BADED01BFD71E500C36C05 /* WebViewPJTests.m */,
				12BADECE1BFD71E500C36C05 /* Supporting Files */,
			);
			path = WebViewPJTests;
			sourceTree = "<group>";
		};
		12BADECE1BFD71E500C36C05 /* Supporting Files */ = {
			isa = PBXGroup;
			children = (
				12BADECF1BFD71E500C36C05 /* Info.plist */,
			);
			name = "Supporting Files";
			sourceTree = "<group>";
		};
		12BADEE51BFD72CC00C36C05 /* Classes */ = {
			isa = PBXGroup;
			children = (
				12BADF081BFD941200C36C05 /* ViewController */,
				12BADEE91BFD72FC00C36C05 /* BaseVC */,
				12BADEE81BFD72EE00C36C05 /* Category */,
				12BADEE71BFD72E100C36C05 /* Config */,
				12BADEE61BFD72D900C36C05 /* Vendor */,
			);
			path = Classes;
			sourceTree = "<group>";
		};
		12BADEE61BFD72D900C36C05 /* Vendor */ = {
			isa = PBXGroup;
			children = (
				12BADEEA1BFD737A00C36C05 /* LICENSE */,
				12BADEEB1BFD737A00C36C05 /* MBProgressHUD+AT.h */,
				12BADEEC1BFD737A00C36C05 /* MBProgressHUD+AT.m */,
				12BADEED1BFD737A00C36C05 /* MBProgressHUD.bundle */,
				12BADEEE1BFD737A00C36C05 /* MBProgressHUD.h */,
				12BADEEF1BFD737A00C36C05 /* MBProgressHUD.m */,
			);
			path = Vendor;
			sourceTree = "<group>";
		};
		12BADEE71BFD72E100C36C05 /* Config */ = {
			isa = PBXGroup;
			children = (
				12BADEF41BFD73FD00C36C05 /* ConfigTools.h */,
				12BADEF51BFD73FD00C36C05 /* PrefixHeader.pch */,
			);
			path = Config;
			sourceTree = "<group>";
		};
		12BADEE81BFD72EE00C36C05 /* Category */ = {
			isa = PBXGroup;
			children = (
				12BADEF61BFD740B00C36C05 /* UIBarButtonItem+AT.h */,
				12BADEF71BFD740B00C36C05 /* UIBarButtonItem+AT.m */,
				12BADEF81BFD740B00C36C05 /* UIImage+AT.h */,
				12BADEF91BFD740B00C36C05 /* UIImage+AT.m */,
			);
			path = Category;
			sourceTree = "<group>";
		};
		12BADEE91BFD72FC00C36C05 /* BaseVC */ = {
			isa = PBXGroup;
			children = (
				12BADEFC1BFD741700C36C05 /* ATNavigationController.h */,
				12BADEFD1BFD741700C36C05 /* ATNavigationController.m */,
				12BADF051BFD939C00C36C05 /* ATTabBarController.h */,
				12BADF061BFD939C00C36C05 /* ATTabBarController.m */,
				12BADEFE1BFD741700C36C05 /* ATBaseController.h */,
				12BADEFF1BFD741700C36C05 /* ATBaseController.m */,
				12BADF001BFD741700C36C05 /* ATBaseWebViewVC.h */,
				12BADF011BFD741700C36C05 /* ATBaseWebViewVC.m */,
			);
			path = BaseVC;
			sourceTree = "<group>";
		};
		12BADF081BFD941200C36C05 /* ViewController */ = {
			isa = PBXGroup;
			children = (
			);
			path = ViewController;
			sourceTree = "<group>";
		};
/* End PBXGroup section */

/* Begin PBXNativeTarget section */
		12BADEB01BFD71E500C36C05 /* WebViewPJ */ = {
			isa = PBXNativeTarget;
			buildConfigurationList = 12BADED41BFD71E500C36C05 /* Build configuration list for PBXNativeTarget "WebViewPJ" */;
			buildPhases = (
				12BADEAD1BFD71E500C36C05 /* Sources */,
				12BADEAE1BFD71E500C36C05 /* Frameworks */,
				12BADEAF1BFD71E500C36C05 /* Resources */,
			);
			buildRules = (
			);
			dependencies = (
			);
			name = WebViewPJ;
			productName = WebViewPJ;
			productReference = 12BADEB11BFD71E500C36C05 /* WebViewPJ.app */;
			productType = "com.apple.product-type.application";
		};
		12BADEC91BFD71E500C36C05 /* WebViewPJTests */ = {
			isa = PBXNativeTarget;
			buildConfigurationList = 12BADED71BFD71E500C36C05 /* Build configuration list for PBXNativeTarget "WebViewPJTests" */;
			buildPhases = (
				12BADEC61BFD71E500C36C05 /* Sources */,
				12BADEC71BFD71E500C36C05 /* Frameworks */,
				12BADEC81BFD71E500C36C05 /* Resources */,
			);
			buildRules = (
			);
			dependencies = (
				12BADECC1BFD71E500C36C05 /* PBXTargetDependency */,
			);
			name = WebViewPJTests;
			productName = WebViewPJTests;
			productReference = 12BADECA1BFD71E500C36C05 /* WebViewPJTests.xctest */;
			productType = "com.apple.product-type.bundle.unit-test";
		};
/* End PBXNativeTarget section */

/* Begin PBXProject section */
		12BADEA91BFD71E500C36C05 /* Project object */ = {
			isa = PBXProject;
			attributes = {
				LastUpgradeCheck = 0600;
				ORGANIZATIONNAME = wangxinxin;
				TargetAttributes = {
					12BADEB01BFD71E500C36C05 = {
						CreatedOnToolsVersion = 6.0;
					};
					12BADEC91BFD71E500C36C05 = {
						CreatedOnToolsVersion = 6.0;
						TestTargetID = 12BADEB01BFD71E500C36C05;
					};
				};
			};
			buildConfigurationList = 12BADEAC1BFD71E500C36C05 /* Build configuration list for PBXProject "WebViewPJ" */;
			compatibilityVersion = "Xcode 3.2";
			developmentRegion = English;
			hasScannedForEncodings = 0;
			knownRegions = (
				en,
				Base,
			);
			mainGroup = 12BADEA81BFD71E500C36C05;
			productRefGroup = 12BADEB21BFD71E500C36C05 /* Products */;
			projectDirPath = "";
			projectRoot = "";
			targets = (
				12BADEB01BFD71E500C36C05 /* WebViewPJ */,
				12BADEC91BFD71E500C36C05 /* WebViewPJTests */,
			);
		};
/* End PBXProject section */

/* Begin PBXResourcesBuildPhase section */
		12BADEAF1BFD71E500C36C05 /* Resources */ = {
			isa = PBXResourcesBuildPhase;
			buildActionMask = 2147483647;
			files = (
				12BADEC51BFD71E500C36C05 /* LaunchScreen.xib in Resources */,
				12BADEC21BFD71E500C36C05 /* Images.xcassets in Resources */,
				12BADEF21BFD737A00C36C05 /* MBProgressHUD.bundle in Resources */,
				12BADEF01BFD737A00C36C05 /* LICENSE in Resources */,
				12BADEDB1BFD720600C36C05 /* Main.storyboard in Resources */,
			);
			runOnlyForDeploymentPostprocessing = 0;
		};
		12BADEC81BFD71E500C36C05 /* Resources */ = {
			isa = PBXResourcesBuildPhase;
			buildActionMask = 2147483647;
			files = (
			);
			runOnlyForDeploymentPostprocessing = 0;
		};
/* End PBXResourcesBuildPhase section */

/* Begin PBXSourcesBuildPhase section */
		12BADEAD1BFD71E500C36C05 /* Sources */ = {
			isa = PBXSourcesBuildPhase;
			buildActionMask = 2147483647;
			files = (
				12BADEDE1BFD723400C36C05 /* MainWebView.m in Sources */,
				12BADEB71BFD71E500C36C05 /* main.m in Sources */,
				12BADEF31BFD737A00C36C05 /* MBProgressHUD.m in Sources */,
				12BADF031BFD741700C36C05 /* ATBaseController.m in Sources */,
				12BADF071BFD939C00C36C05 /* ATTabBarController.m in Sources */,
				12BADEF11BFD737A00C36C05 /* MBProgressHUD+AT.m in Sources */,
				12BADF021BFD741700C36C05 /* ATNavigationController.m in Sources */,
				12BADF041BFD741700C36C05 /* ATBaseWebViewVC.m in Sources */,
				12BADEFB1BFD740B00C36C05 /* UIImage+AT.m in Sources */,
				12BADEE11BFD724B00C36C05 /* AppDelegate.m in Sources */,
				12BADEFA1BFD740B00C36C05 /* UIBarButtonItem+AT.m in Sources */,
			);
			runOnlyForDeploymentPostprocessing = 0;
		};
		12BADEC61BFD71E500C36C05 /* Sources */ = {
			isa = PBXSourcesBuildPhase;
			buildActionMask = 2147483647;
			files = (
				12BADED11BFD71E500C36C05 /* WebViewPJTests.m in Sources */,
			);
			runOnlyForDeploymentPostprocessing = 0;
		};
/* End PBXSourcesBuildPhase section */

/* Begin PBXTargetDependency section */
		12BADECC1BFD71E500C36C05 /* PBXTargetDependency */ = {
			isa = PBXTargetDependency;
			target = 12BADEB01BFD71E500C36C05 /* WebViewPJ */;
			targetProxy = 12BADECB1BFD71E500C36C05 /* PBXContainerItemProxy */;
		};
/* End PBXTargetDependency section */

/* Begin PBXVariantGroup section */
		12BADEC31BFD71E500C36C05 /* LaunchScreen.xib */ = {
			isa = PBXVariantGroup;
			children = (
				12BADEC41BFD71E500C36C05 /* Base */,
			);
			name = LaunchScreen.xib;
			sourceTree = "<group>";
		};
/* End PBXVariantGroup section */

/* Begin XCBuildConfiguration section */
		12BADED21BFD71E500C36C05 /* Debug */ = {
			isa = XCBuildConfiguration;
			buildSettings = {
				ALWAYS_SEARCH_USER_PATHS = NO;
				CLANG_CXX_LANGUAGE_STANDARD = "gnu++0x";
				CLANG_CXX_LIBRARY = "libc++";
				CLANG_ENABLE_MODULES = YES;
				CLANG_ENABLE_OBJC_ARC = YES;
				CLANG_WARN_BOOL_CONVERSION = YES;
				CLANG_WARN_CONSTANT_CONVERSION = YES;
				CLANG_WARN_DIRECT_OBJC_ISA_USAGE = YES_ERROR;
				CLANG_WARN_EMPTY_BODY = YES;
				CLANG_WARN_ENUM_CONVERSION = YES;
				CLANG_WARN_INT_CONVERSION = YES;
				CLANG_WARN_OBJC_ROOT_CLASS = YES_ERROR;
				CLANG_WARN_UNREACHABLE_CODE = YES;
				CLANG_WARN__DUPLICATE_METHOD_MATCH = YES;
				"CODE_SIGN_IDENTITY[sdk=iphoneos*]" = "iPhone Developer";
				COPY_PHASE_STRIP = NO;
				ENABLE_STRICT_OBJC_MSGSEND = YES;
				GCC_C_LANGUAGE_STANDARD = gnu99;
				GCC_DYNAMIC_NO_PIC = NO;
				GCC_OPTIMIZATION_LEVEL = 0;
				GCC_PREPROCESSOR_DEFINITIONS = (
					"DEBUG=1",
					"$(inherited)",
				);
				GCC_SYMBOLS_PRIVATE_EXTERN = NO;
				GCC_WARN_64_TO_32_BIT_CONVERSION = YES;
				GCC_WARN_ABOUT_RETURN_TYPE = YES_ERROR;
				GCC_WARN_UNDECLARED_SELECTOR = YES;
				GCC_WARN_UNINITIALIZED_AUTOS = YES_AGGRESSIVE;
				GCC_WARN_UNUSED_FUNCTION = YES;
				GCC_WARN_UNUSED_VARIABLE = YES;
				IPHONEOS_DEPLOYMENT_TARGET = 8.0;
				MTL_ENABLE_DEBUG_INFO = YES;
				ONLY_ACTIVE_ARCH = YES;
				SDKROOT = iphoneos;
				TARGETED_DEVICE_FAMILY = "1,2";
			};
			name = Debug;
		};
		12BADED31BFD71E500C36C05 /* Release */ = {
			isa = XCBuildConfiguration;
			buildSettings = {
				ALWAYS_SEARCH_USER_PATHS = NO;
				CLANG_CXX_LANGUAGE_STANDARD = "gnu++0x";
				CLANG_CXX_LIBRARY = "libc++";
				CLANG_ENABLE_MODULES = YES;
				CLANG_ENABLE_OBJC_ARC = YES;
				CLANG_WARN_BOOL_CONVERSION = YES;
				CLANG_WARN_CONSTANT_CONVERSION = YES;
				CLANG_WARN_DIRECT_OBJC_ISA_USAGE = YES_ERROR;
				CLANG_WARN_EMPTY_BODY = YES;
				CLANG_WARN_ENUM_CONVERSION = YES;
				CLANG_WARN_INT_CONVERSION = YES;
				CLANG_WARN_OBJC_ROOT_CLASS = YES_ERROR;
				CLANG_WARN_UNREACHABLE_CODE = YES;
				CLANG_WARN__DUPLICATE_METHOD_MATCH = YES;
				"CODE_SIGN_IDENTITY[sdk=iphoneos*]" = "iPhone Developer";
				COPY_PHASE_STRIP = YES;
				ENABLE_NS_ASSERTIONS = NO;
				ENABLE_STRICT_OBJC_MSGSEND = YES;
				GCC_C_LANGUAGE_STANDARD = gnu99;
				GCC_WARN_64_TO_32_BIT_CONVERSION = YES;
				GCC_WARN_ABOUT_RETURN_TYPE = YES_ERROR;
				GCC_WARN_UNDECLARED_SELECTOR = YES;
				GCC_WARN_UNINITIALIZED_AUTOS = YES_AGGRESSIVE;
				GCC_WARN_UNUSED_FUNCTION = YES;
				GCC_WARN_UNUSED_VARIABLE = YES;
				IPHONEOS_DEPLOYMENT_TARGET = 8.0;
				MTL_ENABLE_DEBUG_INFO = NO;
				SDKROOT = iphoneos;
				TARGETED_DEVICE_FAMILY = "1,2";
				VALIDATE_PRODUCT = YES;
			};
			name = Release;
		};
		12BADED51BFD71E500C36C05 /* Debug */ = {
			isa = XCBuildConfiguration;
			buildSettings = {
				ASSETCATALOG_COMPILER_APPICON_NAME = AppIcon;
				GCC_PREFIX_HEADER = "$(SRCROOT)/WebViewPJ/Classes/Config/PrefixHeader.pch";
				INFOPLIST_FILE = WebViewPJ/Info.plist;
				LD_RUNPATH_SEARCH_PATHS = "$(inherited) @executable_path/Frameworks";
				PRODUCT_NAME = "$(TARGET_NAME)";
			};
			name = Debug;
		};
		12BADED61BFD71E500C36C05 /* Release */ = {
			isa = XCBuildConfiguration;
			buildSettings = {
				ASSETCATALOG_COMPILER_APPICON_NAME = AppIcon;
				GCC_PREFIX_HEADER = "$(SRCROOT)/WebViewPJ/Classes/Config/PrefixHeader.pch";
				INFOPLIST_FILE = WebViewPJ/Info.plist;
				LD_RUNPATH_SEARCH_PATHS = "$(inherited) @executable_path/Frameworks";
				PRODUCT_NAME = "$(TARGET_NAME)";
			};
			name = Release;
		};
		12BADED81BFD71E500C36C05 /* Debug */ = {
			isa = XCBuildConfiguration;
			buildSettings = {
				BUNDLE_LOADER = "$(TEST_HOST)";
				FRAMEWORK_SEARCH_PATHS = (
					"$(SDKROOT)/Developer/Library/Frameworks",
					"$(inherited)",
				);
				GCC_PREPROCESSOR_DEFINITIONS = (
					"DEBUG=1",
					"$(inherited)",
				);
				INFOPLIST_FILE = WebViewPJTests/Info.plist;
				LD_RUNPATH_SEARCH_PATHS = "$(inherited) @executable_path/Frameworks @loader_path/Frameworks";
				PRODUCT_NAME = "$(TARGET_NAME)";
				TEST_HOST = "$(BUILT_PRODUCTS_DIR)/WebViewPJ.app/WebViewPJ";
			};
			name = Debug;
		};
		12BADED91BFD71E500C36C05 /* Release */ = {
			isa = XCBuildConfiguration;
			buildSettings = {
				BUNDLE_LOADER = "$(TEST_HOST)";
				FRAMEWORK_SEARCH_PATHS = (
					"$(SDKROOT)/Developer/Library/Frameworks",
					"$(inherited)",
				);
				INFOPLIST_FILE = WebViewPJTests/Info.plist;
				LD_RUNPATH_SEARCH_PATHS = "$(inherited) @executable_path/Frameworks @loader_path/Frameworks";
				PRODUCT_NAME = "$(TARGET_NAME)";
				TEST_HOST = "$(BUILT_PRODUCTS_DIR)/WebViewPJ.app/WebViewPJ";
			};
			name = Release;
		};
/* End XCBuildConfiguration section */

/* Begin XCConfigurationList section */
		12BADEAC1BFD71E500C36C05 /* Build configuration list for PBXProject "WebViewPJ" */ = {
			isa = XCConfigurationList;
			buildConfigurations = (
				12BADED21BFD71E500C36C05 /* Debug */,
				12BADED31BFD71E500C36C05 /* Release */,
			);
			defaultConfigurationIsVisible = 0;
			defaultConfigurationName = Release;
		};
		12BADED41BFD71E500C36C05 /* Build configuration list for PBXNativeTarget "WebViewPJ" */ = {
			isa = XCConfigurationList;
			buildConfigurations = (
				12BADED51BFD71E500C36C05 /* Debug */,
				12BADED61BFD71E500C36C05 /* Release */,
			);
			defaultConfigurationIsVisible = 0;
			defaultConfigurationName = Release;
		};
		12BADED71BFD71E500C36C05 /* Build configuration list for PBXNativeTarget "WebViewPJTests" */ = {
			isa = XCConfigurationList;
			buildConfigurations = (
				12BADED81BFD71E500C36C05 /* Debug */,
				12BADED91BFD71E500C36C05 /* Release */,
			);
			defaultConfigurationIsVisible = 0;
			defaultConfigurationName = Release;
		};
/* End XCConfigurationList section */
	};
	rootObject = 12BADEA91BFD71E500C36C05 /* Project object */;
}
